// !$*UTF8*$!
{
	archiveVersion = 1;
	classes = {
	};
	objectVersion = 55;
	objects = {

/* Begin PBXBuildFile section */
		3A0DCD3E2971BA69001395C2 /* RouterTest.swift in Sources */ = {isa = PBXBuildFile; fileRef = 3A0DCD3D2971BA69001395C2 /* RouterTest.swift */; };
		3A0DCD422971C83A001395C2 /* Localizable.strings in Resources */ = {isa = PBXBuildFile; fileRef = 3A0DCD442971C83A001395C2 /* Localizable.strings */; };
		3A0DCD472971CBD5001395C2 /* StringExtension.swift in Sources */ = {isa = PBXBuildFile; fileRef = 3A0DCD462971CBD5001395C2 /* StringExtension.swift */; };
		3A0DCD492971CC37001395C2 /* BundleExtension.swift in Sources */ = {isa = PBXBuildFile; fileRef = 3A0DCD482971CC37001395C2 /* BundleExtension.swift */; };
		3A4E29A4297ACA7400F89848 /* AllRecipesCollectionView.swift in Sources */ = {isa = PBXBuildFile; fileRef = 3A4E29A3297ACA7400F89848 /* AllRecipesCollectionView.swift */; };
		3A4E29A6297ACDDF00F89848 /* AllRecipesCollectionViewCell.swift in Sources */ = {isa = PBXBuildFile; fileRef = 3A4E29A5297ACDDF00F89848 /* AllRecipesCollectionViewCell.swift */; };
		3A4E29A8297AD93D00F89848 /* AllRecipesCollectionSectionModel.swift in Sources */ = {isa = PBXBuildFile; fileRef = 3A4E29A7297AD93D00F89848 /* AllRecipesCollectionSectionModel.swift */; };
		3A4E29AA297AD9AA00F89848 /* AllRecipesCollectionCellModel.swift in Sources */ = {isa = PBXBuildFile; fileRef = 3A4E29A9297AD9AA00F89848 /* AllRecipesCollectionCellModel.swift */; };
		3A4E29AC297AFF0C00F89848 /* AllRecipesPresenter.swift in Sources */ = {isa = PBXBuildFile; fileRef = 3A4E29AB297AFF0C00F89848 /* AllRecipesPresenter.swift */; };
		3A4E29AF297B022E00F89848 /* RecentlyCollectionViewCell.swift in Sources */ = {isa = PBXBuildFile; fileRef = 3A4E29AE297B022E00F89848 /* RecentlyCollectionViewCell.swift */; };
		3A4E29B1297B1A9C00F89848 /* AllRecipesCollectionViewPresenter.swift in Sources */ = {isa = PBXBuildFile; fileRef = 3A4E29B0297B1A9C00F89848 /* AllRecipesCollectionViewPresenter.swift */; };
		3A8BD218296C28BC00DB3890 /* AllRecipesViewController.swift in Sources */ = {isa = PBXBuildFile; fileRef = 3A8BD217296C28BC00DB3890 /* AllRecipesViewController.swift */; };
		3A8BD21A296C28CA00DB3890 /* FavoritesViewController.swift in Sources */ = {isa = PBXBuildFile; fileRef = 3A8BD219296C28CA00DB3890 /* FavoritesViewController.swift */; };
		3A8BD21C296C28DA00DB3890 /* SearchViewController.swift in Sources */ = {isa = PBXBuildFile; fileRef = 3A8BD21B296C28DA00DB3890 /* SearchViewController.swift */; };
		3A8BD21E296C29B500DB3890 /* Assembly.swift in Sources */ = {isa = PBXBuildFile; fileRef = 3A8BD21D296C29B500DB3890 /* Assembly.swift */; };
		3A8BD220296C29F400DB3890 /* Router.swift in Sources */ = {isa = PBXBuildFile; fileRef = 3A8BD21F296C29F400DB3890 /* Router.swift */; };
		3A8BD222296C2AFD00DB3890 /* MainPresenter.swift in Sources */ = {isa = PBXBuildFile; fileRef = 3A8BD221296C2AFD00DB3890 /* MainPresenter.swift */; };
		3A8BD225296C5FB200DB3890 /* UIColorExtension.swift in Sources */ = {isa = PBXBuildFile; fileRef = 3A8BD224296C5FB200DB3890 /* UIColorExtension.swift */; };
		3A8BD227296C643900DB3890 /* UIFontExtension.swift in Sources */ = {isa = PBXBuildFile; fileRef = 3A8BD226296C643900DB3890 /* UIFontExtension.swift */; };
		3A951D2F297D677000D41E23 /* CGFloatExtension.swift in Sources */ = {isa = PBXBuildFile; fileRef = 3A951D2E297D677000D41E23 /* CGFloatExtension.swift */; };
		3A958400297D388F00548B42 /* GlobalConstants.swift in Sources */ = {isa = PBXBuildFile; fileRef = 3A9583FF297D388F00548B42 /* GlobalConstants.swift */; };
		3A958402297D40B300548B42 /* AllCollectionViewCellPresenter.swift in Sources */ = {isa = PBXBuildFile; fileRef = 3A958401297D40B300548B42 /* AllCollectionViewCellPresenter.swift */; };
		3ACB5A8028E5BBC3003415D1 /* AppDelegate.swift in Sources */ = {isa = PBXBuildFile; fileRef = 3ACB5A7F28E5BBC3003415D1 /* AppDelegate.swift */; };
		3ACB5A8228E5BBC3003415D1 /* SceneDelegate.swift in Sources */ = {isa = PBXBuildFile; fileRef = 3ACB5A8128E5BBC3003415D1 /* SceneDelegate.swift */; };
		3ACB5A8428E5BBC3003415D1 /* MainViewController.swift in Sources */ = {isa = PBXBuildFile; fileRef = 3ACB5A8328E5BBC3003415D1 /* MainViewController.swift */; };
		3ACB5A8A28E5BBC3003415D1 /* Unique_cookbook.xcdatamodeld in Sources */ = {isa = PBXBuildFile; fileRef = 3ACB5A8828E5BBC3003415D1 /* Unique_cookbook.xcdatamodeld */; };
		3ACB5A8C28E5BBC4003415D1 /* Assets.xcassets in Resources */ = {isa = PBXBuildFile; fileRef = 3ACB5A8B28E5BBC4003415D1 /* Assets.xcassets */; };
		3ACB5A8F28E5BBC4003415D1 /* LaunchScreen.storyboard in Resources */ = {isa = PBXBuildFile; fileRef = 3ACB5A8D28E5BBC4003415D1 /* LaunchScreen.storyboard */; };
		3ACB5A9A28E5BBC4003415D1 /* UniqueCookbookTests.swift in Sources */ = {isa = PBXBuildFile; fileRef = 3ACB5A9928E5BBC4003415D1 /* UniqueCookbookTests.swift */; };
		3ACB5AA428E5BBC4003415D1 /* UniqueCookbookUITests.swift in Sources */ = {isa = PBXBuildFile; fileRef = 3ACB5AA328E5BBC4003415D1 /* UniqueCookbookUITests.swift */; };
		3ACB5AA628E5BBC4003415D1 /* UniqueCookbookUITestsLaunchTests.swift in Sources */ = {isa = PBXBuildFile; fileRef = 3ACB5AA528E5BBC4003415D1 /* UniqueCookbookUITestsLaunchTests.swift */; };
		8ACA4E32D0FDC32D4317DF3C /* libPods-Unique cookbook-Unique cookbookUITests.a in Frameworks */ = {isa = PBXBuildFile; fileRef = 5EE9D5C2B1E93BAE680E790F /* libPods-Unique cookbook-Unique cookbookUITests.a */; };
		D7D77CE5285F8A3ED06425AC /* libPods-Unique cookbookTests.a in Frameworks */ = {isa = PBXBuildFile; fileRef = 0CC98847986E06B3A2C522C8 /* libPods-Unique cookbookTests.a */; };
		ED94122E7A306E693890F5F1 /* libPods-Unique cookbook.a in Frameworks */ = {isa = PBXBuildFile; fileRef = 7368E0B31A321183B89FFADB /* libPods-Unique cookbook.a */; };
/* End PBXBuildFile section */

/* Begin PBXContainerItemProxy section */
		3ACB5A9628E5BBC4003415D1 /* PBXContainerItemProxy */ = {
			isa = PBXContainerItemProxy;
			containerPortal = 3ACB5A7428E5BBC3003415D1 /* Project object */;
			proxyType = 1;
			remoteGlobalIDString = 3ACB5A7B28E5BBC3003415D1;
			remoteInfo = "Unique cookbook";
		};
		3ACB5AA028E5BBC4003415D1 /* PBXContainerItemProxy */ = {
			isa = PBXContainerItemProxy;
			containerPortal = 3ACB5A7428E5BBC3003415D1 /* Project object */;
			proxyType = 1;
			remoteGlobalIDString = 3ACB5A7B28E5BBC3003415D1;
			remoteInfo = "Unique cookbook";
		};
/* End PBXContainerItemProxy section */

/* Begin PBXFileReference section */
		0CC98847986E06B3A2C522C8 /* libPods-Unique cookbookTests.a */ = {isa = PBXFileReference; explicitFileType = archive.ar; includeInIndex = 0; path = "libPods-Unique cookbookTests.a"; sourceTree = BUILT_PRODUCTS_DIR; };
		2FB8A8A7CD86B63A23B35D6D /* Pods-Unique cookbookTests.debug.xcconfig */ = {isa = PBXFileReference; includeInIndex = 1; lastKnownFileType = text.xcconfig; name = "Pods-Unique cookbookTests.debug.xcconfig"; path = "Target Support Files/Pods-Unique cookbookTests/Pods-Unique cookbookTests.debug.xcconfig"; sourceTree = "<group>"; };
		35A209E07B87EF813FCC7A24 /* Pods-Unique cookbook-Unique cookbookUITests.debug.xcconfig */ = {isa = PBXFileReference; includeInIndex = 1; lastKnownFileType = text.xcconfig; name = "Pods-Unique cookbook-Unique cookbookUITests.debug.xcconfig"; path = "Target Support Files/Pods-Unique cookbook-Unique cookbookUITests/Pods-Unique cookbook-Unique cookbookUITests.debug.xcconfig"; sourceTree = "<group>"; };
		35B0709CB5FE2ECF6CA140E6 /* Pods-Unique cookbookTests.release.xcconfig */ = {isa = PBXFileReference; includeInIndex = 1; lastKnownFileType = text.xcconfig; name = "Pods-Unique cookbookTests.release.xcconfig"; path = "Target Support Files/Pods-Unique cookbookTests/Pods-Unique cookbookTests.release.xcconfig"; sourceTree = "<group>"; };
		3A0DCD3D2971BA69001395C2 /* RouterTest.swift */ = {isa = PBXFileReference; lastKnownFileType = sourcecode.swift; path = RouterTest.swift; sourceTree = "<group>"; };
		3A0DCD3F2971C6E9001395C2 /* ru */ = {isa = PBXFileReference; lastKnownFileType = text.plist.strings; name = ru; path = ru.lproj/LaunchScreen.strings; sourceTree = "<group>"; };
		3A0DCD432971C83A001395C2 /* en */ = {isa = PBXFileReference; lastKnownFileType = text.plist.strings; name = en; path = en.lproj/Localizable.strings; sourceTree = "<group>"; };
		3A0DCD452971C83E001395C2 /* ru */ = {isa = PBXFileReference; lastKnownFileType = text.plist.strings; name = ru; path = ru.lproj/Localizable.strings; sourceTree = "<group>"; };
		3A0DCD462971CBD5001395C2 /* StringExtension.swift */ = {isa = PBXFileReference; lastKnownFileType = sourcecode.swift; path = StringExtension.swift; sourceTree = "<group>"; };
		3A0DCD482971CC37001395C2 /* BundleExtension.swift */ = {isa = PBXFileReference; lastKnownFileType = sourcecode.swift; path = BundleExtension.swift; sourceTree = "<group>"; };
		3A4E29A3297ACA7400F89848 /* AllRecipesCollectionView.swift */ = {isa = PBXFileReference; lastKnownFileType = sourcecode.swift; path = AllRecipesCollectionView.swift; sourceTree = "<group>"; };
		3A4E29A5297ACDDF00F89848 /* AllRecipesCollectionViewCell.swift */ = {isa = PBXFileReference; lastKnownFileType = sourcecode.swift; path = AllRecipesCollectionViewCell.swift; sourceTree = "<group>"; };
		3A4E29A7297AD93D00F89848 /* AllRecipesCollectionSectionModel.swift */ = {isa = PBXFileReference; lastKnownFileType = sourcecode.swift; path = AllRecipesCollectionSectionModel.swift; sourceTree = "<group>"; };
		3A4E29A9297AD9AA00F89848 /* AllRecipesCollectionCellModel.swift */ = {isa = PBXFileReference; lastKnownFileType = sourcecode.swift; path = AllRecipesCollectionCellModel.swift; sourceTree = "<group>"; };
		3A4E29AB297AFF0C00F89848 /* AllRecipesPresenter.swift */ = {isa = PBXFileReference; lastKnownFileType = sourcecode.swift; path = AllRecipesPresenter.swift; sourceTree = "<group>"; };
		3A4E29AE297B022E00F89848 /* RecentlyCollectionViewCell.swift */ = {isa = PBXFileReference; lastKnownFileType = sourcecode.swift; path = RecentlyCollectionViewCell.swift; sourceTree = "<group>"; };
		3A4E29B0297B1A9C00F89848 /* AllRecipesCollectionViewPresenter.swift */ = {isa = PBXFileReference; lastKnownFileType = sourcecode.swift; path = AllRecipesCollectionViewPresenter.swift; sourceTree = "<group>"; };
		3A8BD217296C28BC00DB3890 /* AllRecipesViewController.swift */ = {isa = PBXFileReference; lastKnownFileType = sourcecode.swift; path = AllRecipesViewController.swift; sourceTree = "<group>"; };
		3A8BD219296C28CA00DB3890 /* FavoritesViewController.swift */ = {isa = PBXFileReference; lastKnownFileType = sourcecode.swift; path = FavoritesViewController.swift; sourceTree = "<group>"; };
		3A8BD21B296C28DA00DB3890 /* SearchViewController.swift */ = {isa = PBXFileReference; lastKnownFileType = sourcecode.swift; path = SearchViewController.swift; sourceTree = "<group>"; };
		3A8BD21D296C29B500DB3890 /* Assembly.swift */ = {isa = PBXFileReference; lastKnownFileType = sourcecode.swift; path = Assembly.swift; sourceTree = "<group>"; };
		3A8BD21F296C29F400DB3890 /* Router.swift */ = {isa = PBXFileReference; lastKnownFileType = sourcecode.swift; path = Router.swift; sourceTree = "<group>"; };
		3A8BD221296C2AFD00DB3890 /* MainPresenter.swift */ = {isa = PBXFileReference; lastKnownFileType = sourcecode.swift; path = MainPresenter.swift; sourceTree = "<group>"; };
		3A8BD224296C5FB200DB3890 /* UIColorExtension.swift */ = {isa = PBXFileReference; lastKnownFileType = sourcecode.swift; path = UIColorExtension.swift; sourceTree = "<group>"; };
		3A8BD226296C643900DB3890 /* UIFontExtension.swift */ = {isa = PBXFileReference; lastKnownFileType = sourcecode.swift; path = UIFontExtension.swift; sourceTree = "<group>"; };
		3A951D2E297D677000D41E23 /* CGFloatExtension.swift */ = {isa = PBXFileReference; lastKnownFileType = sourcecode.swift; path = CGFloatExtension.swift; sourceTree = "<group>"; };
		3A9583FF297D388F00548B42 /* GlobalConstants.swift */ = {isa = PBXFileReference; lastKnownFileType = sourcecode.swift; path = GlobalConstants.swift; sourceTree = "<group>"; };
		3A958401297D40B300548B42 /* AllCollectionViewCellPresenter.swift */ = {isa = PBXFileReference; lastKnownFileType = sourcecode.swift; path = AllCollectionViewCellPresenter.swift; sourceTree = "<group>"; };
		3ACB5A7C28E5BBC3003415D1 /* Unique cookbook.app */ = {isa = PBXFileReference; explicitFileType = wrapper.application; includeInIndex = 0; path = "Unique cookbook.app"; sourceTree = BUILT_PRODUCTS_DIR; };
		3ACB5A7F28E5BBC3003415D1 /* AppDelegate.swift */ = {isa = PBXFileReference; lastKnownFileType = sourcecode.swift; path = AppDelegate.swift; sourceTree = "<group>"; };
		3ACB5A8128E5BBC3003415D1 /* SceneDelegate.swift */ = {isa = PBXFileReference; lastKnownFileType = sourcecode.swift; path = SceneDelegate.swift; sourceTree = "<group>"; };
		3ACB5A8328E5BBC3003415D1 /* MainViewController.swift */ = {isa = PBXFileReference; lastKnownFileType = sourcecode.swift; path = MainViewController.swift; sourceTree = "<group>"; };
		3ACB5A8928E5BBC3003415D1 /* Unique_cookbook.xcdatamodel */ = {isa = PBXFileReference; lastKnownFileType = wrapper.xcdatamodel; path = Unique_cookbook.xcdatamodel; sourceTree = "<group>"; };
		3ACB5A8B28E5BBC4003415D1 /* Assets.xcassets */ = {isa = PBXFileReference; lastKnownFileType = folder.assetcatalog; path = Assets.xcassets; sourceTree = "<group>"; };
		3ACB5A8E28E5BBC4003415D1 /* Base */ = {isa = PBXFileReference; lastKnownFileType = file.storyboard; name = Base; path = Base.lproj/LaunchScreen.storyboard; sourceTree = "<group>"; };
		3ACB5A9028E5BBC4003415D1 /* Info.plist */ = {isa = PBXFileReference; lastKnownFileType = text.plist.xml; path = Info.plist; sourceTree = "<group>"; };
		3ACB5A9528E5BBC4003415D1 /* Unique cookbookTests.xctest */ = {isa = PBXFileReference; explicitFileType = wrapper.cfbundle; includeInIndex = 0; path = "Unique cookbookTests.xctest"; sourceTree = BUILT_PRODUCTS_DIR; };
		3ACB5A9928E5BBC4003415D1 /* UniqueCookbookTests.swift */ = {isa = PBXFileReference; lastKnownFileType = sourcecode.swift; path = UniqueCookbookTests.swift; sourceTree = "<group>"; };
		3ACB5A9F28E5BBC4003415D1 /* Unique cookbookUITests.xctest */ = {isa = PBXFileReference; explicitFileType = wrapper.cfbundle; includeInIndex = 0; path = "Unique cookbookUITests.xctest"; sourceTree = BUILT_PRODUCTS_DIR; };
		3ACB5AA328E5BBC4003415D1 /* UniqueCookbookUITests.swift */ = {isa = PBXFileReference; lastKnownFileType = sourcecode.swift; path = UniqueCookbookUITests.swift; sourceTree = "<group>"; };
		3ACB5AA528E5BBC4003415D1 /* UniqueCookbookUITestsLaunchTests.swift */ = {isa = PBXFileReference; lastKnownFileType = sourcecode.swift; path = UniqueCookbookUITestsLaunchTests.swift; sourceTree = "<group>"; };
		5EE9D5C2B1E93BAE680E790F /* libPods-Unique cookbook-Unique cookbookUITests.a */ = {isa = PBXFileReference; explicitFileType = archive.ar; includeInIndex = 0; path = "libPods-Unique cookbook-Unique cookbookUITests.a"; sourceTree = BUILT_PRODUCTS_DIR; };
		7368E0B31A321183B89FFADB /* libPods-Unique cookbook.a */ = {isa = PBXFileReference; explicitFileType = archive.ar; includeInIndex = 0; path = "libPods-Unique cookbook.a"; sourceTree = BUILT_PRODUCTS_DIR; };
		83E830FFDB34F1953AA035E2 /* Pods-Unique cookbook-Unique cookbookUITests.release.xcconfig */ = {isa = PBXFileReference; includeInIndex = 1; lastKnownFileType = text.xcconfig; name = "Pods-Unique cookbook-Unique cookbookUITests.release.xcconfig"; path = "Target Support Files/Pods-Unique cookbook-Unique cookbookUITests/Pods-Unique cookbook-Unique cookbookUITests.release.xcconfig"; sourceTree = "<group>"; };
		A1E047C9451F8D5ECB59CB74 /* Pods-Unique cookbook.release.xcconfig */ = {isa = PBXFileReference; includeInIndex = 1; lastKnownFileType = text.xcconfig; name = "Pods-Unique cookbook.release.xcconfig"; path = "Target Support Files/Pods-Unique cookbook/Pods-Unique cookbook.release.xcconfig"; sourceTree = "<group>"; };
		FBC48264640E0A3C054385DF /* Pods-Unique cookbook.debug.xcconfig */ = {isa = PBXFileReference; includeInIndex = 1; lastKnownFileType = text.xcconfig; name = "Pods-Unique cookbook.debug.xcconfig"; path = "Target Support Files/Pods-Unique cookbook/Pods-Unique cookbook.debug.xcconfig"; sourceTree = "<group>"; };
/* End PBXFileReference section */

/* Begin PBXFrameworksBuildPhase section */
		3ACB5A7928E5BBC3003415D1 /* Frameworks */ = {
			isa = PBXFrameworksBuildPhase;
			buildActionMask = 2147483647;
			files = (
				ED94122E7A306E693890F5F1 /* libPods-Unique cookbook.a in Frameworks */,
			);
			runOnlyForDeploymentPostprocessing = 0;
		};
		3ACB5A9228E5BBC4003415D1 /* Frameworks */ = {
			isa = PBXFrameworksBuildPhase;
			buildActionMask = 2147483647;
			files = (
				D7D77CE5285F8A3ED06425AC /* libPods-Unique cookbookTests.a in Frameworks */,
			);
			runOnlyForDeploymentPostprocessing = 0;
		};
		3ACB5A9C28E5BBC4003415D1 /* Frameworks */ = {
			isa = PBXFrameworksBuildPhase;
			buildActionMask = 2147483647;
			files = (
				8ACA4E32D0FDC32D4317DF3C /* libPods-Unique cookbook-Unique cookbookUITests.a in Frameworks */,
			);
			runOnlyForDeploymentPostprocessing = 0;
		};
/* End PBXFrameworksBuildPhase section */

/* Begin PBXGroup section */
		3A3FAE5C295730A3001843A2 /* App */ = {
			isa = PBXGroup;
			children = (
				3A3FAE5E295730B9001843A2 /* View */,
				3A3FAE5D295730AD001843A2 /* Controller */,
				3A9583FF297D388F00548B42 /* GlobalConstants.swift */,
			);
			path = App;
			sourceTree = "<group>";
		};
		3A3FAE5D295730AD001843A2 /* Controller */ = {
			isa = PBXGroup;
			children = (
				3ACB5A7F28E5BBC3003415D1 /* AppDelegate.swift */,
				3ACB5A8128E5BBC3003415D1 /* SceneDelegate.swift */,
			);
			path = Controller;
			sourceTree = "<group>";
		};
		3A3FAE5E295730B9001843A2 /* View */ = {
			isa = PBXGroup;
			children = (
				3ACB5A8D28E5BBC4003415D1 /* LaunchScreen.storyboard */,
			);
			path = View;
			sourceTree = "<group>";
		};
		3A3FAE5F295730F0001843A2 /* Resources */ = {
			isa = PBXGroup;
			children = (
				3ACB5A8B28E5BBC4003415D1 /* Assets.xcassets */,
				3A0DCD442971C83A001395C2 /* Localizable.strings */,
			);
			path = Resources;
			sourceTree = "<group>";
		};
		3A3FAE6029573100001843A2 /* CoreData */ = {
			isa = PBXGroup;
			children = (
				3A3FAE6129573108001843A2 /* Container */,
			);
			path = CoreData;
			sourceTree = "<group>";
		};
		3A3FAE6129573108001843A2 /* Container */ = {
			isa = PBXGroup;
			children = (
				3ACB5A8828E5BBC3003415D1 /* Unique_cookbook.xcdatamodeld */,
			);
			path = Container;
			sourceTree = "<group>";
		};
		3A3FAE6229573126001843A2 /* Core */ = {
			isa = PBXGroup;
			children = (
				3A6EE0502972AEE6001C596B /* Base */,
				3A8BD21D296C29B500DB3890 /* Assembly.swift */,
				3A8BD21F296C29F400DB3890 /* Router.swift */,
				3A3FAE632957312C001843A2 /* Main */,
				3A8BD216296C287A00DB3890 /* AllRecipes */,
				3A8BD214296C265600DB3890 /* Favorites */,
				3A8BD215296C26DF00DB3890 /* Search */,
			);
			path = Core;
			sourceTree = "<group>";
		};
		3A3FAE632957312C001843A2 /* Main */ = {
			isa = PBXGroup;
			children = (
				3ACB5A8328E5BBC3003415D1 /* MainViewController.swift */,
				3A8BD221296C2AFD00DB3890 /* MainPresenter.swift */,
			);
			path = Main;
			sourceTree = "<group>";
		};
		3A4E29A2297ACA3300F89848 /* View */ = {
			isa = PBXGroup;
			children = (
				3A4E29A3297ACA7400F89848 /* AllRecipesCollectionView.swift */,
				3A4E29B0297B1A9C00F89848 /* AllRecipesCollectionViewPresenter.swift */,
				3A4E29AE297B022E00F89848 /* RecentlyCollectionViewCell.swift */,
				3A958401297D40B300548B42 /* AllCollectionViewCellPresenter.swift */,
				3A4E29A5297ACDDF00F89848 /* AllRecipesCollectionViewCell.swift */,
			);
			path = View;
			sourceTree = "<group>";
		};
		3A4E29AD297B01F000F89848 /* Model */ = {
			isa = PBXGroup;
			children = (
				3A4E29A7297AD93D00F89848 /* AllRecipesCollectionSectionModel.swift */,
				3A4E29A9297AD9AA00F89848 /* AllRecipesCollectionCellModel.swift */,
			);
			path = Model;
			sourceTree = "<group>";
		};
		3A6EE0502972AEE6001C596B /* Base */ = {
			isa = PBXGroup;
			children = (
			);
			path = Base;
			sourceTree = "<group>";
		};
		3A8BD214296C265600DB3890 /* Favorites */ = {
			isa = PBXGroup;
			children = (
				3A8BD219296C28CA00DB3890 /* FavoritesViewController.swift */,
			);
			path = Favorites;
			sourceTree = "<group>";
		};
		3A8BD215296C26DF00DB3890 /* Search */ = {
			isa = PBXGroup;
			children = (
				3A8BD21B296C28DA00DB3890 /* SearchViewController.swift */,
			);
			path = Search;
			sourceTree = "<group>";
		};
		3A8BD216296C287A00DB3890 /* AllRecipes */ = {
			isa = PBXGroup;
			children = (
				3A8BD217296C28BC00DB3890 /* AllRecipesViewController.swift */,
				3A4E29AB297AFF0C00F89848 /* AllRecipesPresenter.swift */,
				3A4E29AD297B01F000F89848 /* Model */,
				3A4E29A2297ACA3300F89848 /* View */,
			);
			path = AllRecipes;
			sourceTree = "<group>";
		};
		3A8BD223296C5F4000DB3890 /* Extensions */ = {
			isa = PBXGroup;
			children = (
				3A8BD224296C5FB200DB3890 /* UIColorExtension.swift */,
				3A8BD226296C643900DB3890 /* UIFontExtension.swift */,
				3A0DCD462971CBD5001395C2 /* StringExtension.swift */,
				3A0DCD482971CC37001395C2 /* BundleExtension.swift */,
				3A951D2E297D677000D41E23 /* CGFloatExtension.swift */,
			);
			path = Extensions;
			sourceTree = "<group>";
		};
		3ACB5A7328E5BBC3003415D1 = {
			isa = PBXGroup;
			children = (
				3ACB5A7E28E5BBC3003415D1 /* Unique cookbook */,
				3ACB5A9828E5BBC4003415D1 /* Unique cookbookTests */,
				3ACB5AA228E5BBC4003415D1 /* Unique cookbookUITests */,
				3ACB5A7D28E5BBC3003415D1 /* Products */,
				C77DFE1671D4DEA04389EF76 /* Pods */,
				F45CFAEAFC2C000B70854C39 /* Frameworks */,
			);
			sourceTree = "<group>";
		};
		3ACB5A7D28E5BBC3003415D1 /* Products */ = {
			isa = PBXGroup;
			children = (
				3ACB5A7C28E5BBC3003415D1 /* Unique cookbook.app */,
				3ACB5A9528E5BBC4003415D1 /* Unique cookbookTests.xctest */,
				3ACB5A9F28E5BBC4003415D1 /* Unique cookbookUITests.xctest */,
			);
			name = Products;
			sourceTree = "<group>";
		};
		3ACB5A7E28E5BBC3003415D1 /* Unique cookbook */ = {
			isa = PBXGroup;
			children = (
				3A8BD223296C5F4000DB3890 /* Extensions */,
				3A3FAE5C295730A3001843A2 /* App */,
				3A3FAE6229573126001843A2 /* Core */,
				3A3FAE6029573100001843A2 /* CoreData */,
				3A3FAE5F295730F0001843A2 /* Resources */,
				3ACB5A9028E5BBC4003415D1 /* Info.plist */,
			);
			path = "Unique cookbook";
			sourceTree = "<group>";
		};
		3ACB5A9828E5BBC4003415D1 /* Unique cookbookTests */ = {
			isa = PBXGroup;
			children = (
				3ACB5A9928E5BBC4003415D1 /* UniqueCookbookTests.swift */,
				3A0DCD3D2971BA69001395C2 /* RouterTest.swift */,
			);
			path = "Unique cookbookTests";
			sourceTree = "<group>";
		};
		3ACB5AA228E5BBC4003415D1 /* Unique cookbookUITests */ = {
			isa = PBXGroup;
			children = (
				3ACB5AA328E5BBC4003415D1 /* UniqueCookbookUITests.swift */,
				3ACB5AA528E5BBC4003415D1 /* UniqueCookbookUITestsLaunchTests.swift */,
			);
			path = "Unique cookbookUITests";
			sourceTree = "<group>";
		};
		C77DFE1671D4DEA04389EF76 /* Pods */ = {
			isa = PBXGroup;
			children = (
				FBC48264640E0A3C054385DF /* Pods-Unique cookbook.debug.xcconfig */,
				A1E047C9451F8D5ECB59CB74 /* Pods-Unique cookbook.release.xcconfig */,
				35A209E07B87EF813FCC7A24 /* Pods-Unique cookbook-Unique cookbookUITests.debug.xcconfig */,
				83E830FFDB34F1953AA035E2 /* Pods-Unique cookbook-Unique cookbookUITests.release.xcconfig */,
				2FB8A8A7CD86B63A23B35D6D /* Pods-Unique cookbookTests.debug.xcconfig */,
				35B0709CB5FE2ECF6CA140E6 /* Pods-Unique cookbookTests.release.xcconfig */,
			);
			path = Pods;
			sourceTree = "<group>";
		};
		F45CFAEAFC2C000B70854C39 /* Frameworks */ = {
			isa = PBXGroup;
			children = (
				7368E0B31A321183B89FFADB /* libPods-Unique cookbook.a */,
				5EE9D5C2B1E93BAE680E790F /* libPods-Unique cookbook-Unique cookbookUITests.a */,
				0CC98847986E06B3A2C522C8 /* libPods-Unique cookbookTests.a */,
			);
			name = Frameworks;
			sourceTree = "<group>";
		};
/* End PBXGroup section */

/* Begin PBXNativeTarget section */
		3ACB5A7B28E5BBC3003415D1 /* Unique cookbook */ = {
			isa = PBXNativeTarget;
			buildConfigurationList = 3ACB5AA928E5BBC4003415D1 /* Build configuration list for PBXNativeTarget "Unique cookbook" */;
			buildPhases = (
				DA5B1B1D83C4492D0D93E959 /* [CP] Check Pods Manifest.lock */,
				3ACB5A7828E5BBC3003415D1 /* Sources */,
				3ACB5A7928E5BBC3003415D1 /* Frameworks */,
				3ACB5A7A28E5BBC3003415D1 /* Resources */,
				3A3FAE6429574D39001843A2 /* ShellScript */,
			);
			buildRules = (
			);
			dependencies = (
			);
			name = "Unique cookbook";
			productName = "Unique cookbook";
			productReference = 3ACB5A7C28E5BBC3003415D1 /* Unique cookbook.app */;
			productType = "com.apple.product-type.application";
		};
		3ACB5A9428E5BBC4003415D1 /* Unique cookbookTests */ = {
			isa = PBXNativeTarget;
			buildConfigurationList = 3ACB5AAC28E5BBC4003415D1 /* Build configuration list for PBXNativeTarget "Unique cookbookTests" */;
			buildPhases = (
				5190BFEA2EDDAD186E031C83 /* [CP] Check Pods Manifest.lock */,
				3ACB5A9128E5BBC4003415D1 /* Sources */,
				3ACB5A9228E5BBC4003415D1 /* Frameworks */,
				3ACB5A9328E5BBC4003415D1 /* Resources */,
			);
			buildRules = (
			);
			dependencies = (
				3ACB5A9728E5BBC4003415D1 /* PBXTargetDependency */,
			);
			name = "Unique cookbookTests";
			productName = "Unique cookbookTests";
			productReference = 3ACB5A9528E5BBC4003415D1 /* Unique cookbookTests.xctest */;
			productType = "com.apple.product-type.bundle.unit-test";
		};
		3ACB5A9E28E5BBC4003415D1 /* Unique cookbookUITests */ = {
			isa = PBXNativeTarget;
			buildConfigurationList = 3ACB5AAF28E5BBC4003415D1 /* Build configuration list for PBXNativeTarget "Unique cookbookUITests" */;
			buildPhases = (
				B64EB24570E323C7110D8F9C /* [CP] Check Pods Manifest.lock */,
				3ACB5A9B28E5BBC4003415D1 /* Sources */,
				3ACB5A9C28E5BBC4003415D1 /* Frameworks */,
				3ACB5A9D28E5BBC4003415D1 /* Resources */,
			);
			buildRules = (
			);
			dependencies = (
				3ACB5AA128E5BBC4003415D1 /* PBXTargetDependency */,
			);
			name = "Unique cookbookUITests";
			productName = "Unique cookbookUITests";
			productReference = 3ACB5A9F28E5BBC4003415D1 /* Unique cookbookUITests.xctest */;
			productType = "com.apple.product-type.bundle.ui-testing";
		};
/* End PBXNativeTarget section */

/* Begin PBXProject section */
		3ACB5A7428E5BBC3003415D1 /* Project object */ = {
			isa = PBXProject;
			attributes = {
				BuildIndependentTargetsInParallel = 1;
				LastSwiftUpdateCheck = 1400;
				LastUpgradeCheck = 1400;
				TargetAttributes = {
					3ACB5A7B28E5BBC3003415D1 = {
						CreatedOnToolsVersion = 14.0;
					};
					3ACB5A9428E5BBC4003415D1 = {
						CreatedOnToolsVersion = 14.0;
						TestTargetID = 3ACB5A7B28E5BBC3003415D1;
					};
					3ACB5A9E28E5BBC4003415D1 = {
						CreatedOnToolsVersion = 14.0;
						TestTargetID = 3ACB5A7B28E5BBC3003415D1;
					};
				};
			};
			buildConfigurationList = 3ACB5A7728E5BBC3003415D1 /* Build configuration list for PBXProject "Unique cookbook" */;
			compatibilityVersion = "Xcode 13.0";
			developmentRegion = en;
			hasScannedForEncodings = 0;
			knownRegions = (
				en,
				Base,
				ru,
			);
			mainGroup = 3ACB5A7328E5BBC3003415D1;
			productRefGroup = 3ACB5A7D28E5BBC3003415D1 /* Products */;
			projectDirPath = "";
			projectRoot = "";
			targets = (
				3ACB5A7B28E5BBC3003415D1 /* Unique cookbook */,
				3ACB5A9428E5BBC4003415D1 /* Unique cookbookTests */,
				3ACB5A9E28E5BBC4003415D1 /* Unique cookbookUITests */,
			);
		};
/* End PBXProject section */

/* Begin PBXResourcesBuildPhase section */
		3ACB5A7A28E5BBC3003415D1 /* Resources */ = {
			isa = PBXResourcesBuildPhase;
			buildActionMask = 2147483647;
			files = (
				3ACB5A8F28E5BBC4003415D1 /* LaunchScreen.storyboard in Resources */,
				3A0DCD422971C83A001395C2 /* Localizable.strings in Resources */,
				3ACB5A8C28E5BBC4003415D1 /* Assets.xcassets in Resources */,
			);
			runOnlyForDeploymentPostprocessing = 0;
		};
		3ACB5A9328E5BBC4003415D1 /* Resources */ = {
			isa = PBXResourcesBuildPhase;
			buildActionMask = 2147483647;
			files = (
			);
			runOnlyForDeploymentPostprocessing = 0;
		};
		3ACB5A9D28E5BBC4003415D1 /* Resources */ = {
			isa = PBXResourcesBuildPhase;
			buildActionMask = 2147483647;
			files = (
			);
			runOnlyForDeploymentPostprocessing = 0;
		};
/* End PBXResourcesBuildPhase section */

/* Begin PBXShellScriptBuildPhase section */
		3A3FAE6429574D39001843A2 /* ShellScript */ = {
			isa = PBXShellScriptBuildPhase;
			alwaysOutOfDate = 1;
			buildActionMask = 2147483647;
			files = (
			);
			inputFileListPaths = (
			);
			inputPaths = (
			);
			outputFileListPaths = (
			);
			outputPaths = (
			);
			runOnlyForDeploymentPostprocessing = 0;
			shellPath = /bin/sh;
			shellScript = "export PATH=\"$PATH:/opt/homebrew/bin\"\nif which swiftlint > /dev/null; then\n  swiftlint\nelse\n  echo \"warning: SwiftLint not installed, download from https://github.com/realm/SwiftLint\"\nfi\n";
		};
		5190BFEA2EDDAD186E031C83 /* [CP] Check Pods Manifest.lock */ = {
			isa = PBXShellScriptBuildPhase;
			buildActionMask = 2147483647;
			files = (
			);
			inputFileListPaths = (
			);
			inputPaths = (
				"${PODS_PODFILE_DIR_PATH}/Podfile.lock",
				"${PODS_ROOT}/Manifest.lock",
			);
			name = "[CP] Check Pods Manifest.lock";
			outputFileListPaths = (
			);
			outputPaths = (
				"$(DERIVED_FILE_DIR)/Pods-Unique cookbookTests-checkManifestLockResult.txt",
			);
			runOnlyForDeploymentPostprocessing = 0;
			shellPath = /bin/sh;
			shellScript = "diff \"${PODS_PODFILE_DIR_PATH}/Podfile.lock\" \"${PODS_ROOT}/Manifest.lock\" > /dev/null\nif [ $? != 0 ] ; then\n    # print error to STDERR\n    echo \"error: The sandbox is not in sync with the Podfile.lock. Run 'pod install' or update your CocoaPods installation.\" >&2\n    exit 1\nfi\n# This output is used by Xcode 'outputs' to avoid re-running this script phase.\necho \"SUCCESS\" > \"${SCRIPT_OUTPUT_FILE_0}\"\n";
			showEnvVarsInLog = 0;
		};
		B64EB24570E323C7110D8F9C /* [CP] Check Pods Manifest.lock */ = {
			isa = PBXShellScriptBuildPhase;
			buildActionMask = 2147483647;
			files = (
			);
			inputFileListPaths = (
			);
			inputPaths = (
				"${PODS_PODFILE_DIR_PATH}/Podfile.lock",
				"${PODS_ROOT}/Manifest.lock",
			);
			name = "[CP] Check Pods Manifest.lock";
			outputFileListPaths = (
			);
			outputPaths = (
				"$(DERIVED_FILE_DIR)/Pods-Unique cookbook-Unique cookbookUITests-checkManifestLockResult.txt",
			);
			runOnlyForDeploymentPostprocessing = 0;
			shellPath = /bin/sh;
			shellScript = "diff \"${PODS_PODFILE_DIR_PATH}/Podfile.lock\" \"${PODS_ROOT}/Manifest.lock\" > /dev/null\nif [ $? != 0 ] ; then\n    # print error to STDERR\n    echo \"error: The sandbox is not in sync with the Podfile.lock. Run 'pod install' or update your CocoaPods installation.\" >&2\n    exit 1\nfi\n# This output is used by Xcode 'outputs' to avoid re-running this script phase.\necho \"SUCCESS\" > \"${SCRIPT_OUTPUT_FILE_0}\"\n";
			showEnvVarsInLog = 0;
		};
		DA5B1B1D83C4492D0D93E959 /* [CP] Check Pods Manifest.lock */ = {
			isa = PBXShellScriptBuildPhase;
			buildActionMask = 2147483647;
			files = (
			);
			inputFileListPaths = (
			);
			inputPaths = (
				"${PODS_PODFILE_DIR_PATH}/Podfile.lock",
				"${PODS_ROOT}/Manifest.lock",
			);
			name = "[CP] Check Pods Manifest.lock";
			outputFileListPaths = (
			);
			outputPaths = (
				"$(DERIVED_FILE_DIR)/Pods-Unique cookbook-checkManifestLockResult.txt",
			);
			runOnlyForDeploymentPostprocessing = 0;
			shellPath = /bin/sh;
			shellScript = "diff \"${PODS_PODFILE_DIR_PATH}/Podfile.lock\" \"${PODS_ROOT}/Manifest.lock\" > /dev/null\nif [ $? != 0 ] ; then\n    # print error to STDERR\n    echo \"error: The sandbox is not in sync with the Podfile.lock. Run 'pod install' or update your CocoaPods installation.\" >&2\n    exit 1\nfi\n# This output is used by Xcode 'outputs' to avoid re-running this script phase.\necho \"SUCCESS\" > \"${SCRIPT_OUTPUT_FILE_0}\"\n";
			showEnvVarsInLog = 0;
		};
/* End PBXShellScriptBuildPhase section */

/* Begin PBXSourcesBuildPhase section */
		3ACB5A7828E5BBC3003415D1 /* Sources */ = {
			isa = PBXSourcesBuildPhase;
			buildActionMask = 2147483647;
			files = (
				3ACB5A8428E5BBC3003415D1 /* MainViewController.swift in Sources */,
				3A8BD21E296C29B500DB3890 /* Assembly.swift in Sources */,
				3A8BD21C296C28DA00DB3890 /* SearchViewController.swift in Sources */,
				3A0DCD492971CC37001395C2 /* BundleExtension.swift in Sources */,
				3ACB5A8A28E5BBC3003415D1 /* Unique_cookbook.xcdatamodeld in Sources */,
				3A8BD220296C29F400DB3890 /* Router.swift in Sources */,
				3A4E29A8297AD93D00F89848 /* AllRecipesCollectionSectionModel.swift in Sources */,
				3A8BD222296C2AFD00DB3890 /* MainPresenter.swift in Sources */,
				3A8BD225296C5FB200DB3890 /* UIColorExtension.swift in Sources */,
				3A4E29A6297ACDDF00F89848 /* AllRecipesCollectionViewCell.swift in Sources */,
				3ACB5A8028E5BBC3003415D1 /* AppDelegate.swift in Sources */,
				3A4E29AA297AD9AA00F89848 /* AllRecipesCollectionCellModel.swift in Sources */,
				3A4E29AF297B022E00F89848 /* RecentlyCollectionViewCell.swift in Sources */,
				3A8BD218296C28BC00DB3890 /* AllRecipesViewController.swift in Sources */,
				3A8BD21A296C28CA00DB3890 /* FavoritesViewController.swift in Sources */,
				3A8BD227296C643900DB3890 /* UIFontExtension.swift in Sources */,
				3A958400297D388F00548B42 /* GlobalConstants.swift in Sources */,
				3A0DCD472971CBD5001395C2 /* StringExtension.swift in Sources */,
				3A4E29B1297B1A9C00F89848 /* AllRecipesCollectionViewPresenter.swift in Sources */,
				3A958402297D40B300548B42 /* AllCollectionViewCellPresenter.swift in Sources */,
				3A4E29A4297ACA7400F89848 /* AllRecipesCollectionView.swift in Sources */,
				3A4E29AC297AFF0C00F89848 /* AllRecipesPresenter.swift in Sources */,
				3A951D2F297D677000D41E23 /* CGFloatExtension.swift in Sources */,
				3ACB5A8228E5BBC3003415D1 /* SceneDelegate.swift in Sources */,
			);
			runOnlyForDeploymentPostprocessing = 0;
		};
		3ACB5A9128E5BBC4003415D1 /* Sources */ = {
			isa = PBXSourcesBuildPhase;
			buildActionMask = 2147483647;
			files = (
				3A0DCD3E2971BA69001395C2 /* RouterTest.swift in Sources */,
				3ACB5A9A28E5BBC4003415D1 /* UniqueCookbookTests.swift in Sources */,
			);
			runOnlyForDeploymentPostprocessing = 0;
		};
		3ACB5A9B28E5BBC4003415D1 /* Sources */ = {
			isa = PBXSourcesBuildPhase;
			buildActionMask = 2147483647;
			files = (
				3ACB5AA628E5BBC4003415D1 /* UniqueCookbookUITestsLaunchTests.swift in Sources */,
				3ACB5AA428E5BBC4003415D1 /* UniqueCookbookUITests.swift in Sources */,
			);
			runOnlyForDeploymentPostprocessing = 0;
		};
/* End PBXSourcesBuildPhase section */

/* Begin PBXTargetDependency section */
		3ACB5A9728E5BBC4003415D1 /* PBXTargetDependency */ = {
			isa = PBXTargetDependency;
			target = 3ACB5A7B28E5BBC3003415D1 /* Unique cookbook */;
			targetProxy = 3ACB5A9628E5BBC4003415D1 /* PBXContainerItemProxy */;
		};
		3ACB5AA128E5BBC4003415D1 /* PBXTargetDependency */ = {
			isa = PBXTargetDependency;
			target = 3ACB5A7B28E5BBC3003415D1 /* Unique cookbook */;
			targetProxy = 3ACB5AA028E5BBC4003415D1 /* PBXContainerItemProxy */;
		};
/* End PBXTargetDependency section */

/* Begin PBXVariantGroup section */
		3A0DCD442971C83A001395C2 /* Localizable.strings */ = {
			isa = PBXVariantGroup;
			children = (
				3A0DCD432971C83A001395C2 /* en */,
				3A0DCD452971C83E001395C2 /* ru */,
			);
			name = Localizable.strings;
			sourceTree = "<group>";
		};
		3ACB5A8D28E5BBC4003415D1 /* LaunchScreen.storyboard */ = {
			isa = PBXVariantGroup;
			children = (
				3ACB5A8E28E5BBC4003415D1 /* Base */,
				3A0DCD3F2971C6E9001395C2 /* ru */,
			);
			name = LaunchScreen.storyboard;
			sourceTree = "<group>";
		};
/* End PBXVariantGroup section */

/* Begin XCBuildConfiguration section */
		3ACB5AA728E5BBC4003415D1 /* Debug */ = {
			isa = XCBuildConfiguration;
			buildSettings = {
				ALWAYS_SEARCH_USER_PATHS = NO;
				CLANG_ANALYZER_LOCALIZABILITY_NONLOCALIZED = YES;
				CLANG_ANALYZER_NONNULL = YES;
				CLANG_ANALYZER_NUMBER_OBJECT_CONVERSION = YES_AGGRESSIVE;
				CLANG_CXX_LANGUAGE_STANDARD = "gnu++20";
				CLANG_ENABLE_MODULES = YES;
				CLANG_ENABLE_OBJC_ARC = YES;
				CLANG_ENABLE_OBJC_WEAK = YES;
				CLANG_WARN_BLOCK_CAPTURE_AUTORELEASING = YES;
				CLANG_WARN_BOOL_CONVERSION = YES;
				CLANG_WARN_COMMA = YES;
				CLANG_WARN_CONSTANT_CONVERSION = YES;
				CLANG_WARN_DEPRECATED_OBJC_IMPLEMENTATIONS = YES;
				CLANG_WARN_DIRECT_OBJC_ISA_USAGE = YES_ERROR;
				CLANG_WARN_DOCUMENTATION_COMMENTS = YES;
				CLANG_WARN_EMPTY_BODY = YES;
				CLANG_WARN_ENUM_CONVERSION = YES;
				CLANG_WARN_INFINITE_RECURSION = YES;
				CLANG_WARN_INT_CONVERSION = YES;
				CLANG_WARN_NON_LITERAL_NULL_CONVERSION = YES;
				CLANG_WARN_OBJC_IMPLICIT_RETAIN_SELF = YES;
				CLANG_WARN_OBJC_LITERAL_CONVERSION = YES;
				CLANG_WARN_OBJC_ROOT_CLASS = YES_ERROR;
				CLANG_WARN_QUOTED_INCLUDE_IN_FRAMEWORK_HEADER = YES;
				CLANG_WARN_RANGE_LOOP_ANALYSIS = YES;
				CLANG_WARN_STRICT_PROTOTYPES = YES;
				CLANG_WARN_SUSPICIOUS_MOVE = YES;
				CLANG_WARN_UNGUARDED_AVAILABILITY = YES_AGGRESSIVE;
				CLANG_WARN_UNREACHABLE_CODE = YES;
				CLANG_WARN__DUPLICATE_METHOD_MATCH = YES;
				COPY_PHASE_STRIP = NO;
				DEBUG_INFORMATION_FORMAT = dwarf;
				ENABLE_STRICT_OBJC_MSGSEND = YES;
				ENABLE_TESTABILITY = YES;
				GCC_C_LANGUAGE_STANDARD = gnu11;
				GCC_DYNAMIC_NO_PIC = NO;
				GCC_NO_COMMON_BLOCKS = YES;
				GCC_OPTIMIZATION_LEVEL = 0;
				GCC_PREPROCESSOR_DEFINITIONS = (
					"DEBUG=1",
					"$(inherited)",
				);
				GCC_WARN_64_TO_32_BIT_CONVERSION = YES;
				GCC_WARN_ABOUT_RETURN_TYPE = YES_ERROR;
				GCC_WARN_UNDECLARED_SELECTOR = YES;
				GCC_WARN_UNINITIALIZED_AUTOS = YES_AGGRESSIVE;
				GCC_WARN_UNUSED_FUNCTION = YES;
				GCC_WARN_UNUSED_VARIABLE = YES;
				IPHONEOS_DEPLOYMENT_TARGET = 16.0;
				MTL_ENABLE_DEBUG_INFO = INCLUDE_SOURCE;
				MTL_FAST_MATH = YES;
				ONLY_ACTIVE_ARCH = YES;
				SDKROOT = iphoneos;
				SWIFT_ACTIVE_COMPILATION_CONDITIONS = DEBUG;
				SWIFT_OPTIMIZATION_LEVEL = "-Onone";
			};
			name = Debug;
		};
		3ACB5AA828E5BBC4003415D1 /* Release */ = {
			isa = XCBuildConfiguration;
			buildSettings = {
				ALWAYS_SEARCH_USER_PATHS = NO;
				CLANG_ANALYZER_LOCALIZABILITY_NONLOCALIZED = YES;
				CLANG_ANALYZER_NONNULL = YES;
				CLANG_ANALYZER_NUMBER_OBJECT_CONVERSION = YES_AGGRESSIVE;
				CLANG_CXX_LANGUAGE_STANDARD = "gnu++20";
				CLANG_ENABLE_MODULES = YES;
				CLANG_ENABLE_OBJC_ARC = YES;
				CLANG_ENABLE_OBJC_WEAK = YES;
				CLANG_WARN_BLOCK_CAPTURE_AUTORELEASING = YES;
				CLANG_WARN_BOOL_CONVERSION = YES;
				CLANG_WARN_COMMA = YES;
				CLANG_WARN_CONSTANT_CONVERSION = YES;
				CLANG_WARN_DEPRECATED_OBJC_IMPLEMENTATIONS = YES;
				CLANG_WARN_DIRECT_OBJC_ISA_USAGE = YES_ERROR;
				CLANG_WARN_DOCUMENTATION_COMMENTS = YES;
				CLANG_WARN_EMPTY_BODY = YES;
				CLANG_WARN_ENUM_CONVERSION = YES;
				CLANG_WARN_INFINITE_RECURSION = YES;
				CLANG_WARN_INT_CONVERSION = YES;
				CLANG_WARN_NON_LITERAL_NULL_CONVERSION = YES;
				CLANG_WARN_OBJC_IMPLICIT_RETAIN_SELF = YES;
				CLANG_WARN_OBJC_LITERAL_CONVERSION = YES;
				CLANG_WARN_OBJC_ROOT_CLASS = YES_ERROR;
				CLANG_WARN_QUOTED_INCLUDE_IN_FRAMEWORK_HEADER = YES;
				CLANG_WARN_RANGE_LOOP_ANALYSIS = YES;
				CLANG_WARN_STRICT_PROTOTYPES = YES;
				CLANG_WARN_SUSPICIOUS_MOVE = YES;
				CLANG_WARN_UNGUARDED_AVAILABILITY = YES_AGGRESSIVE;
				CLANG_WARN_UNREACHABLE_CODE = YES;
				CLANG_WARN__DUPLICATE_METHOD_MATCH = YES;
				COPY_PHASE_STRIP = NO;
				DEBUG_INFORMATION_FORMAT = "dwarf-with-dsym";
				ENABLE_NS_ASSERTIONS = NO;
				ENABLE_STRICT_OBJC_MSGSEND = YES;
				GCC_C_LANGUAGE_STANDARD = gnu11;
				GCC_NO_COMMON_BLOCKS = YES;
				GCC_WARN_64_TO_32_BIT_CONVERSION = YES;
				GCC_WARN_ABOUT_RETURN_TYPE = YES_ERROR;
				GCC_WARN_UNDECLARED_SELECTOR = YES;
				GCC_WARN_UNINITIALIZED_AUTOS = YES_AGGRESSIVE;
				GCC_WARN_UNUSED_FUNCTION = YES;
				GCC_WARN_UNUSED_VARIABLE = YES;
				IPHONEOS_DEPLOYMENT_TARGET = 16.0;
				MTL_ENABLE_DEBUG_INFO = NO;
				MTL_FAST_MATH = YES;
				SDKROOT = iphoneos;
				SWIFT_COMPILATION_MODE = wholemodule;
				SWIFT_OPTIMIZATION_LEVEL = "-O";
				VALIDATE_PRODUCT = YES;
			};
			name = Release;
		};
		3ACB5AAA28E5BBC4003415D1 /* Debug */ = {
			isa = XCBuildConfiguration;
			baseConfigurationReference = FBC48264640E0A3C054385DF /* Pods-Unique cookbook.debug.xcconfig */;
			buildSettings = {
				ASSETCATALOG_COMPILER_APPICON_NAME = AppIcon;
				ASSETCATALOG_COMPILER_GLOBAL_ACCENT_COLOR_NAME = AccentColor;
				CODE_SIGN_STYLE = Automatic;
				CURRENT_PROJECT_VERSION = 1;
				DEVELOPMENT_TEAM = 3T6YWGH883;
				GENERATE_INFOPLIST_FILE = YES;
				INFOPLIST_FILE = "Unique cookbook/Info.plist";
				INFOPLIST_KEY_UIApplicationSupportsIndirectInputEvents = YES;
				INFOPLIST_KEY_UILaunchStoryboardName = LaunchScreen;
				INFOPLIST_KEY_UIMainStoryboardFile = "";
				INFOPLIST_KEY_UISupportedInterfaceOrientations_iPad = "UIInterfaceOrientationPortrait UIInterfaceOrientationPortraitUpsideDown UIInterfaceOrientationLandscapeLeft UIInterfaceOrientationLandscapeRight";
				INFOPLIST_KEY_UISupportedInterfaceOrientations_iPhone = "UIInterfaceOrientationPortrait UIInterfaceOrientationLandscapeLeft UIInterfaceOrientationLandscapeRight";
				IPHONEOS_DEPLOYMENT_TARGET = 14.1;
				LD_RUNPATH_SEARCH_PATHS = (
					"$(inherited)",
					"@executable_path/Frameworks",
				);
				MARKETING_VERSION = 1.0;
				PRODUCT_BUNDLE_IDENTIFIER = "Vaair.Unique-cookbook";
				PRODUCT_NAME = "$(TARGET_NAME)";
				SWIFT_EMIT_LOC_STRINGS = YES;
				SWIFT_VERSION = 5.0;
				TARGETED_DEVICE_FAMILY = "1,2";
			};
			name = Debug;
		};
		3ACB5AAB28E5BBC4003415D1 /* Release */ = {
			isa = XCBuildConfiguration;
			baseConfigurationReference = A1E047C9451F8D5ECB59CB74 /* Pods-Unique cookbook.release.xcconfig */;
			buildSettings = {
				ASSETCATALOG_COMPILER_APPICON_NAME = AppIcon;
				ASSETCATALOG_COMPILER_GLOBAL_ACCENT_COLOR_NAME = AccentColor;
				CODE_SIGN_STYLE = Automatic;
				CURRENT_PROJECT_VERSION = 1;
				DEVELOPMENT_TEAM = 3T6YWGH883;
				GENERATE_INFOPLIST_FILE = YES;
				INFOPLIST_FILE = "Unique cookbook/Info.plist";
				INFOPLIST_KEY_UIApplicationSupportsIndirectInputEvents = YES;
				INFOPLIST_KEY_UILaunchStoryboardName = LaunchScreen;
				INFOPLIST_KEY_UIMainStoryboardFile = "";
				INFOPLIST_KEY_UISupportedInterfaceOrientations_iPad = "UIInterfaceOrientationPortrait UIInterfaceOrientationPortraitUpsideDown UIInterfaceOrientationLandscapeLeft UIInterfaceOrientationLandscapeRight";
				INFOPLIST_KEY_UISupportedInterfaceOrientations_iPhone = "UIInterfaceOrientationPortrait UIInterfaceOrientationLandscapeLeft UIInterfaceOrientationLandscapeRight";
				IPHONEOS_DEPLOYMENT_TARGET = 14.1;
				LD_RUNPATH_SEARCH_PATHS = (
					"$(inherited)",
					"@executable_path/Frameworks",
				);
				MARKETING_VERSION = 1.0;
				PRODUCT_BUNDLE_IDENTIFIER = "Vaair.Unique-cookbook";
				PRODUCT_NAME = "$(TARGET_NAME)";
				SWIFT_EMIT_LOC_STRINGS = YES;
				SWIFT_VERSION = 5.0;
				TARGETED_DEVICE_FAMILY = "1,2";
			};
			name = Release;
		};
		3ACB5AAD28E5BBC4003415D1 /* Debug */ = {
			isa = XCBuildConfiguration;
			baseConfigurationReference = 2FB8A8A7CD86B63A23B35D6D /* Pods-Unique cookbookTests.debug.xcconfig */;
			buildSettings = {
				ALWAYS_EMBED_SWIFT_STANDARD_LIBRARIES = YES;
				BUNDLE_LOADER = "$(TEST_HOST)";
				CODE_SIGN_STYLE = Automatic;
				CURRENT_PROJECT_VERSION = 1;
				DEVELOPMENT_TEAM = TD5J59L659;
				GENERATE_INFOPLIST_FILE = YES;
				IPHONEOS_DEPLOYMENT_TARGET = 16.0;
				MARKETING_VERSION = 1.0;
				PRODUCT_BUNDLE_IDENTIFIER = "Vaair.Unique-cookbookTests";
				PRODUCT_NAME = "$(TARGET_NAME)";
				SWIFT_EMIT_LOC_STRINGS = NO;
				SWIFT_VERSION = 5.0;
				TARGETED_DEVICE_FAMILY = "1,2";
				TEST_HOST = "$(BUILT_PRODUCTS_DIR)/Unique cookbook.app/$(BUNDLE_EXECUTABLE_FOLDER_PATH)/Unique cookbook";
			};
			name = Debug;
		};
		3ACB5AAE28E5BBC4003415D1 /* Release */ = {
			isa = XCBuildConfiguration;
			baseConfigurationReference = 35B0709CB5FE2ECF6CA140E6 /* Pods-Unique cookbookTests.release.xcconfig */;
			buildSettings = {
				ALWAYS_EMBED_SWIFT_STANDARD_LIBRARIES = YES;
				BUNDLE_LOADER = "$(TEST_HOST)";
				CODE_SIGN_STYLE = Automatic;
				CURRENT_PROJECT_VERSION = 1;
				DEVELOPMENT_TEAM = TD5J59L659;
				GENERATE_INFOPLIST_FILE = YES;
				IPHONEOS_DEPLOYMENT_TARGET = 16.0;
				MARKETING_VERSION = 1.0;
				PRODUCT_BUNDLE_IDENTIFIER = "Vaair.Unique-cookbookTests";
				PRODUCT_NAME = "$(TARGET_NAME)";
				SWIFT_EMIT_LOC_STRINGS = NO;
				SWIFT_VERSION = 5.0;
				TARGETED_DEVICE_FAMILY = "1,2";
				TEST_HOST = "$(BUILT_PRODUCTS_DIR)/Unique cookbook.app/$(BUNDLE_EXECUTABLE_FOLDER_PATH)/Unique cookbook";
			};
			name = Release;
		};
		3ACB5AB028E5BBC4003415D1 /* Debug */ = {
			isa = XCBuildConfiguration;
			baseConfigurationReference = 35A209E07B87EF813FCC7A24 /* Pods-Unique cookbook-Unique cookbookUITests.debug.xcconfig */;
			buildSettings = {
				ALWAYS_EMBED_SWIFT_STANDARD_LIBRARIES = YES;
				CODE_SIGN_STYLE = Automatic;
				CURRENT_PROJECT_VERSION = 1;
				DEVELOPMENT_TEAM = TD5J59L659;
				GENERATE_INFOPLIST_FILE = YES;
				MARKETING_VERSION = 1.0;
				PRODUCT_BUNDLE_IDENTIFIER = "Vaair.Unique-cookbookUITests";
				PRODUCT_NAME = "$(TARGET_NAME)";
				SWIFT_EMIT_LOC_STRINGS = NO;
				SWIFT_VERSION = 5.0;
				TARGETED_DEVICE_FAMILY = "1,2";
				TEST_TARGET_NAME = "Unique cookbook";
			};
			name = Debug;
		};
		3ACB5AB128E5BBC4003415D1 /* Release */ = {
			isa = XCBuildConfiguration;
			baseConfigurationReference = 83E830FFDB34F1953AA035E2 /* Pods-Unique cookbook-Unique cookbookUITests.release.xcconfig */;
			buildSettings = {
				ALWAYS_EMBED_SWIFT_STANDARD_LIBRARIES = YES;
				CODE_SIGN_STYLE = Automatic;
				CURRENT_PROJECT_VERSION = 1;
				DEVELOPMENT_TEAM = TD5J59L659;
				GENERATE_INFOPLIST_FILE = YES;
				MARKETING_VERSION = 1.0;
				PRODUCT_BUNDLE_IDENTIFIER = "Vaair.Unique-cookbookUITests";
				PRODUCT_NAME = "$(TARGET_NAME)";
				SWIFT_EMIT_LOC_STRINGS = NO;
				SWIFT_VERSION = 5.0;
				TARGETED_DEVICE_FAMILY = "1,2";
				TEST_TARGET_NAME = "Unique cookbook";
			};
			name = Release;
		};
/* End XCBuildConfiguration section */

/* Begin XCConfigurationList section */
		3ACB5A7728E5BBC3003415D1 /* Build configuration list for PBXProject "Unique cookbook" */ = {
			isa = XCConfigurationList;
			buildConfigurations = (
				3ACB5AA728E5BBC4003415D1 /* Debug */,
				3ACB5AA828E5BBC4003415D1 /* Release */,
			);
			defaultConfigurationIsVisible = 0;
			defaultConfigurationName = Release;
		};
		3ACB5AA928E5BBC4003415D1 /* Build configuration list for PBXNativeTarget "Unique cookbook" */ = {
			isa = XCConfigurationList;
			buildConfigurations = (
				3ACB5AAA28E5BBC4003415D1 /* Debug */,
				3ACB5AAB28E5BBC4003415D1 /* Release */,
			);
			defaultConfigurationIsVisible = 0;
			defaultConfigurationName = Release;
		};
		3ACB5AAC28E5BBC4003415D1 /* Build configuration list for PBXNativeTarget "Unique cookbookTests" */ = {
			isa = XCConfigurationList;
			buildConfigurations = (
				3ACB5AAD28E5BBC4003415D1 /* Debug */,
				3ACB5AAE28E5BBC4003415D1 /* Release */,
			);
			defaultConfigurationIsVisible = 0;
			defaultConfigurationName = Release;
		};
		3ACB5AAF28E5BBC4003415D1 /* Build configuration list for PBXNativeTarget "Unique cookbookUITests" */ = {
			isa = XCConfigurationList;
			buildConfigurations = (
				3ACB5AB028E5BBC4003415D1 /* Debug */,
				3ACB5AB128E5BBC4003415D1 /* Release */,
			);
			defaultConfigurationIsVisible = 0;
			defaultConfigurationName = Release;
		};
/* End XCConfigurationList section */

/* Begin XCVersionGroup section */
		3ACB5A8828E5BBC3003415D1 /* Unique_cookbook.xcdatamodeld */ = {
			isa = XCVersionGroup;
			children = (
				3ACB5A8928E5BBC3003415D1 /* Unique_cookbook.xcdatamodel */,
			);
			currentVersion = 3ACB5A8928E5BBC3003415D1 /* Unique_cookbook.xcdatamodel */;
			path = Unique_cookbook.xcdatamodeld;
			sourceTree = "<group>";
			versionGroupType = wrapper.xcdatamodel;
		};
/* End XCVersionGroup section */
	};
	rootObject = 3ACB5A7428E5BBC3003415D1 /* Project object */;
}
